dependencies:
  espressif/esp32-camera:
    component_hash: e00e75c24164b5d097bf98f325938558697916a0cb6b68872b9927587b46882a
    source:
      service_url: https://api.components.espressif.com/
      type: service
    version: 2.0.8
  idf:
    component_hash: null
    source:
      type: idf
    version: 5.2.0
manifest_hash: 8b1251d5ddf9b600abc63bc102497d6bb05aed2b0d9e54577d0ef88b4cd563b5
target: esp32
version: 1.0.0
